// !$*UTF8*$!
{
	archiveVersion = 1;
	classes = {
	};
	objectVersion = 50;
	objects = {

/* Begin PBXBuildFile section */
		780D092025CA3A2E00229681 /* LaunchStoryboard.storyboard in Resources */ = {isa = PBXBuildFile; fileRef = 780D091F25CA3A2E00229681 /* LaunchStoryboard.storyboard */; };
		780D092B25CBA71A00229681 /* ColorManager.swift in Sources */ = {isa = PBXBuildFile; fileRef = 780D092A25CBA71A00229681 /* ColorManager.swift */; };
		780D093625CCF82100229681 /* Translate.swift in Sources */ = {isa = PBXBuildFile; fileRef = 780D093525CCF82100229681 /* Translate.swift */; };
		783EABA725B3E6110018EF97 /* zephyrApp.swift in Sources */ = {isa = PBXBuildFile; fileRef = 783EABA625B3E6110018EF97 /* zephyrApp.swift */; };
		783EABA925B3E6110018EF97 /* ContentView.swift in Sources */ = {isa = PBXBuildFile; fileRef = 783EABA825B3E6110018EF97 /* ContentView.swift */; };
		783EABAB25B3E6140018EF97 /* Assets.xcassets in Resources */ = {isa = PBXBuildFile; fileRef = 783EABAA25B3E6140018EF97 /* Assets.xcassets */; };
		783EABAE25B3E6140018EF97 /* Preview Assets.xcassets in Resources */ = {isa = PBXBuildFile; fileRef = 783EABAD25B3E6140018EF97 /* Preview Assets.xcassets */; };
		783EABB925B3E6140018EF97 /* zephyrTests.swift in Sources */ = {isa = PBXBuildFile; fileRef = 783EABB825B3E6140018EF97 /* zephyrTests.swift */; };
		783EABC425B3E6140018EF97 /* zephyrUITests.swift in Sources */ = {isa = PBXBuildFile; fileRef = 783EABC325B3E6140018EF97 /* zephyrUITests.swift */; };
		783EABE925BFC9510018EF97 /* NetworkStream.swift in Sources */ = {isa = PBXBuildFile; fileRef = 783EABE825BFC9500018EF97 /* NetworkStream.swift */; };
		783EABF425BFCA170018EF97 /* RingView.swift in Sources */ = {isa = PBXBuildFile; fileRef = 783EABF325BFCA170018EF97 /* RingView.swift */; };
		783EABFC25BFCD390018EF97 /* ControlView.swift in Sources */ = {isa = PBXBuildFile; fileRef = 783EABFB25BFCD390018EF97 /* ControlView.swift */; };
		783EAC0425BFCD8C0018EF97 /* SettingsView.swift in Sources */ = {isa = PBXBuildFile; fileRef = 783EAC0325BFCD8C0018EF97 /* SettingsView.swift */; };
/* End PBXBuildFile section */

/* Begin PBXContainerItemProxy section */
		783EABB525B3E6140018EF97 /* PBXContainerItemProxy */ = {
			isa = PBXContainerItemProxy;
			containerPortal = 783EAB9B25B3E6110018EF97 /* Project object */;
			proxyType = 1;
			remoteGlobalIDString = 783EABA225B3E6110018EF97;
			remoteInfo = zephyr;
		};
		783EABC025B3E6140018EF97 /* PBXContainerItemProxy */ = {
			isa = PBXContainerItemProxy;
			containerPortal = 783EAB9B25B3E6110018EF97 /* Project object */;
			proxyType = 1;
			remoteGlobalIDString = 783EABA225B3E6110018EF97;
			remoteInfo = zephyr;
		};
/* End PBXContainerItemProxy section */

/* Begin PBXFileReference section */
		780D091F25CA3A2E00229681 /* LaunchStoryboard.storyboard */ = {isa = PBXFileReference; lastKnownFileType = file.storyboard; path = LaunchStoryboard.storyboard; sourceTree = "<group>"; };
		780D092A25CBA71A00229681 /* ColorManager.swift */ = {isa = PBXFileReference; lastKnownFileType = sourcecode.swift; path = ColorManager.swift; sourceTree = "<group>"; };
		780D093525CCF82100229681 /* Translate.swift */ = {isa = PBXFileReference; lastKnownFileType = sourcecode.swift; path = Translate.swift; sourceTree = "<group>"; };
		783EABA325B3E6110018EF97 /* zephyr.app */ = {isa = PBXFileReference; explicitFileType = wrapper.application; includeInIndex = 0; path = zephyr.app; sourceTree = BUILT_PRODUCTS_DIR; };
		783EABA625B3E6110018EF97 /* zephyrApp.swift */ = {isa = PBXFileReference; lastKnownFileType = sourcecode.swift; path = zephyrApp.swift; sourceTree = "<group>"; };
		783EABA825B3E6110018EF97 /* ContentView.swift */ = {isa = PBXFileReference; lastKnownFileType = sourcecode.swift; path = ContentView.swift; sourceTree = "<group>"; };
		783EABAA25B3E6140018EF97 /* Assets.xcassets */ = {isa = PBXFileReference; lastKnownFileType = folder.assetcatalog; path = Assets.xcassets; sourceTree = "<group>"; };
		783EABAD25B3E6140018EF97 /* Preview Assets.xcassets */ = {isa = PBXFileReference; lastKnownFileType = folder.assetcatalog; path = "Preview Assets.xcassets"; sourceTree = "<group>"; };
		783EABAF25B3E6140018EF97 /* Info.plist */ = {isa = PBXFileReference; lastKnownFileType = text.plist.xml; path = Info.plist; sourceTree = "<group>"; };
		783EABB425B3E6140018EF97 /* zephyrTests.xctest */ = {isa = PBXFileReference; explicitFileType = wrapper.cfbundle; includeInIndex = 0; path = zephyrTests.xctest; sourceTree = BUILT_PRODUCTS_DIR; };
		783EABB825B3E6140018EF97 /* zephyrTests.swift */ = {isa = PBXFileReference; lastKnownFileType = sourcecode.swift; path = zephyrTests.swift; sourceTree = "<group>"; };
		783EABBA25B3E6140018EF97 /* Info.plist */ = {isa = PBXFileReference; lastKnownFileType = text.plist.xml; path = Info.plist; sourceTree = "<group>"; };
		783EABBF25B3E6140018EF97 /* zephyrUITests.xctest */ = {isa = PBXFileReference; explicitFileType = wrapper.cfbundle; includeInIndex = 0; path = zephyrUITests.xctest; sourceTree = BUILT_PRODUCTS_DIR; };
		783EABC325B3E6140018EF97 /* zephyrUITests.swift */ = {isa = PBXFileReference; lastKnownFileType = sourcecode.swift; path = zephyrUITests.swift; sourceTree = "<group>"; };
		783EABC525B3E6140018EF97 /* Info.plist */ = {isa = PBXFileReference; lastKnownFileType = text.plist.xml; path = Info.plist; sourceTree = "<group>"; };
		783EABD525B559EB0018EF97 /* libquic.tbd */ = {isa = PBXFileReference; lastKnownFileType = "sourcecode.text-based-dylib-definition"; name = libquic.tbd; path = usr/lib/libquic.tbd; sourceTree = SDKROOT; };
		783EABE825BFC9500018EF97 /* NetworkStream.swift */ = {isa = PBXFileReference; lastKnownFileType = sourcecode.swift; path = NetworkStream.swift; sourceTree = "<group>"; };
		783EABF325BFCA170018EF97 /* RingView.swift */ = {isa = PBXFileReference; lastKnownFileType = sourcecode.swift; path = RingView.swift; sourceTree = "<group>"; };
		783EABFB25BFCD390018EF97 /* ControlView.swift */ = {isa = PBXFileReference; lastKnownFileType = sourcecode.swift; path = ControlView.swift; sourceTree = "<group>"; };
		783EAC0325BFCD8C0018EF97 /* SettingsView.swift */ = {isa = PBXFileReference; lastKnownFileType = sourcecode.swift; path = SettingsView.swift; sourceTree = "<group>"; };
/* End PBXFileReference section */

/* Begin PBXFrameworksBuildPhase section */
		783EABA025B3E6110018EF97 /* Frameworks */ = {
			isa = PBXFrameworksBuildPhase;
			buildActionMask = 2147483647;
			files = (
			);
			runOnlyForDeploymentPostprocessing = 0;
		};
		783EABB125B3E6140018EF97 /* Frameworks */ = {
			isa = PBXFrameworksBuildPhase;
			buildActionMask = 2147483647;
			files = (
			);
			runOnlyForDeploymentPostprocessing = 0;
		};
		783EABBC25B3E6140018EF97 /* Frameworks */ = {
			isa = PBXFrameworksBuildPhase;
			buildActionMask = 2147483647;
			files = (
			);
			runOnlyForDeploymentPostprocessing = 0;
		};
/* End PBXFrameworksBuildPhase section */

/* Begin PBXGroup section */
		783EAB9A25B3E6110018EF97 = {
			isa = PBXGroup;
			children = (
				783EABA525B3E6110018EF97 /* zephyr */,
				783EABB725B3E6140018EF97 /* zephyrTests */,
				783EABC225B3E6140018EF97 /* zephyrUITests */,
				783EABA425B3E6110018EF97 /* Products */,
				783EABD425B559EB0018EF97 /* Frameworks */,
			);
			sourceTree = "<group>";
		};
		783EABA425B3E6110018EF97 /* Products */ = {
			isa = PBXGroup;
			children = (
				783EABA325B3E6110018EF97 /* zephyr.app */,
				783EABB425B3E6140018EF97 /* zephyrTests.xctest */,
				783EABBF25B3E6140018EF97 /* zephyrUITests.xctest */,
			);
			name = Products;
			sourceTree = "<group>";
		};
		783EABA525B3E6110018EF97 /* zephyr */ = {
			isa = PBXGroup;
			children = (
				783EABA625B3E6110018EF97 /* zephyrApp.swift */,
				780D092A25CBA71A00229681 /* ColorManager.swift */,
				783EABA825B3E6110018EF97 /* ContentView.swift */,
				783EABFB25BFCD390018EF97 /* ControlView.swift */,
				783EABE825BFC9500018EF97 /* NetworkStream.swift */,
				783EABF325BFCA170018EF97 /* RingView.swift */,
				783EAC0325BFCD8C0018EF97 /* SettingsView.swift */,
				780D093525CCF82100229681 /* Translate.swift */,
				783EABAA25B3E6140018EF97 /* Assets.xcassets */,
				783EABAF25B3E6140018EF97 /* Info.plist */,
				783EABAC25B3E6140018EF97 /* Preview Content */,
				780D091F25CA3A2E00229681 /* LaunchStoryboard.storyboard */,
			);
			path = zephyr;
			sourceTree = "<group>";
		};
		783EABAC25B3E6140018EF97 /* Preview Content */ = {
			isa = PBXGroup;
			children = (
				783EABAD25B3E6140018EF97 /* Preview Assets.xcassets */,
			);
			path = "Preview Content";
			sourceTree = "<group>";
		};
		783EABB725B3E6140018EF97 /* zephyrTests */ = {
			isa = PBXGroup;
			children = (
				783EABB825B3E6140018EF97 /* zephyrTests.swift */,
				783EABBA25B3E6140018EF97 /* Info.plist */,
			);
			path = zephyrTests;
			sourceTree = "<group>";
		};
		783EABC225B3E6140018EF97 /* zephyrUITests */ = {
			isa = PBXGroup;
			children = (
				783EABC325B3E6140018EF97 /* zephyrUITests.swift */,
				783EABC525B3E6140018EF97 /* Info.plist */,
			);
			path = zephyrUITests;
			sourceTree = "<group>";
		};
		783EABD425B559EB0018EF97 /* Frameworks */ = {
			isa = PBXGroup;
			children = (
				783EABD525B559EB0018EF97 /* libquic.tbd */,
			);
			name = Frameworks;
			sourceTree = "<group>";
		};
/* End PBXGroup section */

/* Begin PBXNativeTarget section */
		783EABA225B3E6110018EF97 /* zephyr */ = {
			isa = PBXNativeTarget;
			buildConfigurationList = 783EABC825B3E6140018EF97 /* Build configuration list for PBXNativeTarget "zephyr" */;
			buildPhases = (
				783EAB9F25B3E6110018EF97 /* Sources */,
				783EABA025B3E6110018EF97 /* Frameworks */,
				783EABA125B3E6110018EF97 /* Resources */,
			);
			buildRules = (
			);
			dependencies = (
			);
			name = zephyr;
			productName = zephyr;
			productReference = 783EABA325B3E6110018EF97 /* zephyr.app */;
			productType = "com.apple.product-type.application";
		};
		783EABB325B3E6140018EF97 /* zephyrTests */ = {
			isa = PBXNativeTarget;
			buildConfigurationList = 783EABCB25B3E6140018EF97 /* Build configuration list for PBXNativeTarget "zephyrTests" */;
			buildPhases = (
				783EABB025B3E6140018EF97 /* Sources */,
				783EABB125B3E6140018EF97 /* Frameworks */,
				783EABB225B3E6140018EF97 /* Resources */,
			);
			buildRules = (
			);
			dependencies = (
				783EABB625B3E6140018EF97 /* PBXTargetDependency */,
			);
			name = zephyrTests;
			productName = zephyrTests;
			productReference = 783EABB425B3E6140018EF97 /* zephyrTests.xctest */;
			productType = "com.apple.product-type.bundle.unit-test";
		};
		783EABBE25B3E6140018EF97 /* zephyrUITests */ = {
			isa = PBXNativeTarget;
			buildConfigurationList = 783EABCE25B3E6140018EF97 /* Build configuration list for PBXNativeTarget "zephyrUITests" */;
			buildPhases = (
				783EABBB25B3E6140018EF97 /* Sources */,
				783EABBC25B3E6140018EF97 /* Frameworks */,
				783EABBD25B3E6140018EF97 /* Resources */,
			);
			buildRules = (
			);
			dependencies = (
				783EABC125B3E6140018EF97 /* PBXTargetDependency */,
			);
			name = zephyrUITests;
			productName = zephyrUITests;
			productReference = 783EABBF25B3E6140018EF97 /* zephyrUITests.xctest */;
			productType = "com.apple.product-type.bundle.ui-testing";
		};
/* End PBXNativeTarget section */

/* Begin PBXProject section */
		783EAB9B25B3E6110018EF97 /* Project object */ = {
			isa = PBXProject;
			attributes = {
				LastSwiftUpdateCheck = 1230;
				LastUpgradeCheck = 1230;
				TargetAttributes = {
					783EABA225B3E6110018EF97 = {
						CreatedOnToolsVersion = 12.3;
					};
					783EABB325B3E6140018EF97 = {
						CreatedOnToolsVersion = 12.3;
						TestTargetID = 783EABA225B3E6110018EF97;
					};
					783EABBE25B3E6140018EF97 = {
						CreatedOnToolsVersion = 12.3;
						TestTargetID = 783EABA225B3E6110018EF97;
					};
				};
			};
			buildConfigurationList = 783EAB9E25B3E6110018EF97 /* Build configuration list for PBXProject "zephyr" */;
			compatibilityVersion = "Xcode 9.3";
			developmentRegion = en;
			hasScannedForEncodings = 0;
			knownRegions = (
				en,
				Base,
			);
			mainGroup = 783EAB9A25B3E6110018EF97;
			productRefGroup = 783EABA425B3E6110018EF97 /* Products */;
			projectDirPath = "";
			projectRoot = "";
			targets = (
				783EABA225B3E6110018EF97 /* zephyr */,
				783EABB325B3E6140018EF97 /* zephyrTests */,
				783EABBE25B3E6140018EF97 /* zephyrUITests */,
			);
		};
/* End PBXProject section */

/* Begin PBXResourcesBuildPhase section */
		783EABA125B3E6110018EF97 /* Resources */ = {
			isa = PBXResourcesBuildPhase;
			buildActionMask = 2147483647;
			files = (
				783EABAE25B3E6140018EF97 /* Preview Assets.xcassets in Resources */,
				780D092025CA3A2E00229681 /* LaunchStoryboard.storyboard in Resources */,
				783EABAB25B3E6140018EF97 /* Assets.xcassets in Resources */,
			);
			runOnlyForDeploymentPostprocessing = 0;
		};
		783EABB225B3E6140018EF97 /* Resources */ = {
			isa = PBXResourcesBuildPhase;
			buildActionMask = 2147483647;
			files = (
			);
			runOnlyForDeploymentPostprocessing = 0;
		};
		783EABBD25B3E6140018EF97 /* Resources */ = {
			isa = PBXResourcesBuildPhase;
			buildActionMask = 2147483647;
			files = (
			);
			runOnlyForDeploymentPostprocessing = 0;
		};
/* End PBXResourcesBuildPhase section */

/* Begin PBXSourcesBuildPhase section */
		783EAB9F25B3E6110018EF97 /* Sources */ = {
			isa = PBXSourcesBuildPhase;
			buildActionMask = 2147483647;
			files = (
				780D093625CCF82100229681 /* Translate.swift in Sources */,
				780D092B25CBA71A00229681 /* ColorManager.swift in Sources */,
				783EABF425BFCA170018EF97 /* RingView.swift in Sources */,
				783EABA925B3E6110018EF97 /* ContentView.swift in Sources */,
				783EAC0425BFCD8C0018EF97 /* SettingsView.swift in Sources */,
				783EABA725B3E6110018EF97 /* zephyrApp.swift in Sources */,
				783EABE925BFC9510018EF97 /* NetworkStream.swift in Sources */,
				783EABFC25BFCD390018EF97 /* ControlView.swift in Sources */,
			);
			runOnlyForDeploymentPostprocessing = 0;
		};
		783EABB025B3E6140018EF97 /* Sources */ = {
			isa = PBXSourcesBuildPhase;
			buildActionMask = 2147483647;
			files = (
				783EABB925B3E6140018EF97 /* zephyrTests.swift in Sources */,
			);
			runOnlyForDeploymentPostprocessing = 0;
		};
		783EABBB25B3E6140018EF97 /* Sources */ = {
			isa = PBXSourcesBuildPhase;
			buildActionMask = 2147483647;
			files = (
				783EABC425B3E6140018EF97 /* zephyrUITests.swift in Sources */,
			);
			runOnlyForDeploymentPostprocessing = 0;
		};
/* End PBXSourcesBuildPhase section */

/* Begin PBXTargetDependency section */
		783EABB625B3E6140018EF97 /* PBXTargetDependency */ = {
			isa = PBXTargetDependency;
			target = 783EABA225B3E6110018EF97 /* zephyr */;
			targetProxy = 783EABB525B3E6140018EF97 /* PBXContainerItemProxy */;
		};
		783EABC125B3E6140018EF97 /* PBXTargetDependency */ = {
			isa = PBXTargetDependency;
			target = 783EABA225B3E6110018EF97 /* zephyr */;
			targetProxy = 783EABC025B3E6140018EF97 /* PBXContainerItemProxy */;
		};
/* End PBXTargetDependency section */

/* Begin XCBuildConfiguration section */
		783EABC625B3E6140018EF97 /* Debug */ = {
			isa = XCBuildConfiguration;
			buildSettings = {
				ALWAYS_SEARCH_USER_PATHS = NO;
				CLANG_ANALYZER_NONNULL = YES;
				CLANG_ANALYZER_NUMBER_OBJECT_CONVERSION = YES_AGGRESSIVE;
				CLANG_CXX_LANGUAGE_STANDARD = "gnu++14";
				CLANG_CXX_LIBRARY = "libc++";
				CLANG_ENABLE_MODULES = YES;
				CLANG_ENABLE_OBJC_ARC = YES;
				CLANG_ENABLE_OBJC_WEAK = YES;
				CLANG_WARN_BLOCK_CAPTURE_AUTORELEASING = YES;
				CLANG_WARN_BOOL_CONVERSION = YES;
				CLANG_WARN_COMMA = YES;
				CLANG_WARN_CONSTANT_CONVERSION = YES;
				CLANG_WARN_DEPRECATED_OBJC_IMPLEMENTATIONS = YES;
				CLANG_WARN_DIRECT_OBJC_ISA_USAGE = YES_ERROR;
				CLANG_WARN_DOCUMENTATION_COMMENTS = YES;
				CLANG_WARN_EMPTY_BODY = YES;
				CLANG_WARN_ENUM_CONVERSION = YES;
				CLANG_WARN_INFINITE_RECURSION = YES;
				CLANG_WARN_INT_CONVERSION = YES;
				CLANG_WARN_NON_LITERAL_NULL_CONVERSION = YES;
				CLANG_WARN_OBJC_IMPLICIT_RETAIN_SELF = YES;
				CLANG_WARN_OBJC_LITERAL_CONVERSION = YES;
				CLANG_WARN_OBJC_ROOT_CLASS = YES_ERROR;
				CLANG_WARN_QUOTED_INCLUDE_IN_FRAMEWORK_HEADER = YES;
				CLANG_WARN_RANGE_LOOP_ANALYSIS = YES;
				CLANG_WARN_STRICT_PROTOTYPES = YES;
				CLANG_WARN_SUSPICIOUS_MOVE = YES;
				CLANG_WARN_UNGUARDED_AVAILABILITY = YES_AGGRESSIVE;
				CLANG_WARN_UNREACHABLE_CODE = YES;
				CLANG_WARN__DUPLICATE_METHOD_MATCH = YES;
				COPY_PHASE_STRIP = NO;
				DEBUG_INFORMATION_FORMAT = dwarf;
				ENABLE_STRICT_OBJC_MSGSEND = YES;
				ENABLE_TESTABILITY = YES;
				GCC_C_LANGUAGE_STANDARD = gnu11;
				GCC_DYNAMIC_NO_PIC = NO;
				GCC_NO_COMMON_BLOCKS = YES;
				GCC_OPTIMIZATION_LEVEL = 0;
				GCC_PREPROCESSOR_DEFINITIONS = (
					"DEBUG=1",
					"$(inherited)",
				);
				GCC_WARN_64_TO_32_BIT_CONVERSION = YES;
				GCC_WARN_ABOUT_RETURN_TYPE = YES_ERROR;
				GCC_WARN_UNDECLARED_SELECTOR = YES;
				GCC_WARN_UNINITIALIZED_AUTOS = YES_AGGRESSIVE;
				GCC_WARN_UNUSED_FUNCTION = YES;
				GCC_WARN_UNUSED_VARIABLE = YES;
				IPHONEOS_DEPLOYMENT_TARGET = 14.3;
				MTL_ENABLE_DEBUG_INFO = INCLUDE_SOURCE;
				MTL_FAST_MATH = YES;
				ONLY_ACTIVE_ARCH = YES;
				SDKROOT = iphoneos;
				SWIFT_ACTIVE_COMPILATION_CONDITIONS = DEBUG;
				SWIFT_OPTIMIZATION_LEVEL = "-Onone";
			};
			name = Debug;
		};
		783EABC725B3E6140018EF97 /* Release */ = {
			isa = XCBuildConfiguration;
			buildSettings = {
				ALWAYS_SEARCH_USER_PATHS = NO;
				CLANG_ANALYZER_NONNULL = YES;
				CLANG_ANALYZER_NUMBER_OBJECT_CONVERSION = YES_AGGRESSIVE;
				CLANG_CXX_LANGUAGE_STANDARD = "gnu++14";
				CLANG_CXX_LIBRARY = "libc++";
				CLANG_ENABLE_MODULES = YES;
				CLANG_ENABLE_OBJC_ARC = YES;
				CLANG_ENABLE_OBJC_WEAK = YES;
				CLANG_WARN_BLOCK_CAPTURE_AUTORELEASING = YES;
				CLANG_WARN_BOOL_CONVERSION = YES;
				CLANG_WARN_COMMA = YES;
				CLANG_WARN_CONSTANT_CONVERSION = YES;
				CLANG_WARN_DEPRECATED_OBJC_IMPLEMENTATIONS = YES;
				CLANG_WARN_DIRECT_OBJC_ISA_USAGE = YES_ERROR;
				CLANG_WARN_DOCUMENTATION_COMMENTS = YES;
				CLANG_WARN_EMPTY_BODY = YES;
				CLANG_WARN_ENUM_CONVERSION = YES;
				CLANG_WARN_INFINITE_RECURSION = YES;
				CLANG_WARN_INT_CONVERSION = YES;
				CLANG_WARN_NON_LITERAL_NULL_CONVERSION = YES;
				CLANG_WARN_OBJC_IMPLICIT_RETAIN_SELF = YES;
				CLANG_WARN_OBJC_LITERAL_CONVERSION = YES;
				CLANG_WARN_OBJC_ROOT_CLASS = YES_ERROR;
				CLANG_WARN_QUOTED_INCLUDE_IN_FRAMEWORK_HEADER = YES;
				CLANG_WARN_RANGE_LOOP_ANALYSIS = YES;
				CLANG_WARN_STRICT_PROTOTYPES = YES;
				CLANG_WARN_SUSPICIOUS_MOVE = YES;
				CLANG_WARN_UNGUARDED_AVAILABILITY = YES_AGGRESSIVE;
				CLANG_WARN_UNREACHABLE_CODE = YES;
				CLANG_WARN__DUPLICATE_METHOD_MATCH = YES;
				COPY_PHASE_STRIP = NO;
				DEBUG_INFORMATION_FORMAT = "dwarf-with-dsym";
				ENABLE_NS_ASSERTIONS = NO;
				ENABLE_STRICT_OBJC_MSGSEND = YES;
				GCC_C_LANGUAGE_STANDARD = gnu11;
				GCC_NO_COMMON_BLOCKS = YES;
				GCC_WARN_64_TO_32_BIT_CONVERSION = YES;
				GCC_WARN_ABOUT_RETURN_TYPE = YES_ERROR;
				GCC_WARN_UNDECLARED_SELECTOR = YES;
				GCC_WARN_UNINITIALIZED_AUTOS = YES_AGGRESSIVE;
				GCC_WARN_UNUSED_FUNCTION = YES;
				GCC_WARN_UNUSED_VARIABLE = YES;
				IPHONEOS_DEPLOYMENT_TARGET = 14.3;
				MTL_ENABLE_DEBUG_INFO = NO;
				MTL_FAST_MATH = YES;
				SDKROOT = iphoneos;
				SWIFT_COMPILATION_MODE = wholemodule;
				SWIFT_OPTIMIZATION_LEVEL = "-O";
				VALIDATE_PRODUCT = YES;
			};
			name = Release;
		};
		783EABC925B3E6140018EF97 /* Debug */ = {
			isa = XCBuildConfiguration;
			buildSettings = {
				ASSETCATALOG_COMPILER_APPICON_NAME = AppIcon;
				ASSETCATALOG_COMPILER_GLOBAL_ACCENT_COLOR_NAME = AccentColor;
				CODE_SIGN_STYLE = Automatic;
				DEVELOPMENT_ASSET_PATHS = "\"zephyr/Preview Content\"";
				DEVELOPMENT_TEAM = L4TZYFFYVA;
				ENABLE_PREVIEWS = YES;
				INFOPLIST_FILE = zephyr/Info.plist;
				IPHONEOS_DEPLOYMENT_TARGET = 14.0;
				LD_RUNPATH_SEARCH_PATHS = (
					"$(inherited)",
					"@executable_path/Frameworks",
				);
				PRODUCT_BUNDLE_IDENTIFIER = com.tytolabs.zephyr;
				PRODUCT_NAME = "$(TARGET_NAME)";
				SWIFT_VERSION = 5.0;
				TARGETED_DEVICE_FAMILY = "1,2";
			};
			name = Debug;
		};
		783EABCA25B3E6140018EF97 /* Release */ = {
			isa = XCBuildConfiguration;
			buildSettings = {
				ASSETCATALOG_COMPILER_APPICON_NAME = AppIcon;
				ASSETCATALOG_COMPILER_GLOBAL_ACCENT_COLOR_NAME = AccentColor;
				CODE_SIGN_STYLE = Automatic;
				DEVELOPMENT_ASSET_PATHS = "\"zephyr/Preview Content\"";
				DEVELOPMENT_TEAM = L4TZYFFYVA;
				ENABLE_PREVIEWS = YES;
				INFOPLIST_FILE = zephyr/Info.plist;
				IPHONEOS_DEPLOYMENT_TARGET = 14.0;
				LD_RUNPATH_SEARCH_PATHS = (
					"$(inherited)",
					"@executable_path/Frameworks",
				);
				PRODUCT_BUNDLE_IDENTIFIER = com.tytolabs.zephyr;
				PRODUCT_NAME = "$(TARGET_NAME)";
				SWIFT_VERSION = 5.0;
				TARGETED_DEVICE_FAMILY = "1,2";
			};
			name = Release;
		};
		783EABCC25B3E6140018EF97 /* Debug */ = {
			isa = XCBuildConfiguration;
			buildSettings = {
				ALWAYS_EMBED_SWIFT_STANDARD_LIBRARIES = YES;
				BUNDLE_LOADER = "$(TEST_HOST)";
				CODE_SIGN_STYLE = Automatic;
				DEVELOPMENT_TEAM = L4TZYFFYVA;
				INFOPLIST_FILE = zephyrTests/Info.plist;
				IPHONEOS_DEPLOYMENT_TARGET = 14.0;
				LD_RUNPATH_SEARCH_PATHS = (
					"$(inherited)",
					"@executable_path/Frameworks",
					"@loader_path/Frameworks",
				);
				PRODUCT_BUNDLE_IDENTIFIER = com.tytolabs.zephyrTests;
				PRODUCT_NAME = "$(TARGET_NAME)";
				SWIFT_VERSION = 5.0;
				TARGETED_DEVICE_FAMILY = "1,2";
				TEST_HOST = "$(BUILT_PRODUCTS_DIR)/zephyr.app/zephyr";
			};
			name = Debug;
		};
		783EABCD25B3E6140018EF97 /* Release */ = {
			isa = XCBuildConfiguration;
			buildSettings = {
				ALWAYS_EMBED_SWIFT_STANDARD_LIBRARIES = YES;
				BUNDLE_LOADER = "$(TEST_HOST)";
				CODE_SIGN_STYLE = Automatic;
				DEVELOPMENT_TEAM = L4TZYFFYVA;
				INFOPLIST_FILE = zephyrTests/Info.plist;
				IPHONEOS_DEPLOYMENT_TARGET = 14.0;
				LD_RUNPATH_SEARCH_PATHS = (
					"$(inherited)",
					"@executable_path/Frameworks",
					"@loader_path/Frameworks",
				);
				PRODUCT_BUNDLE_IDENTIFIER = com.tytolabs.zephyrTests;
				PRODUCT_NAME = "$(TARGET_NAME)";
				SWIFT_VERSION = 5.0;
				TARGETED_DEVICE_FAMILY = "1,2";
				TEST_HOST = "$(BUILT_PRODUCTS_DIR)/zephyr.app/zephyr";
			};
			name = Release;
		};
		783EABCF25B3E6140018EF97 /* Debug */ = {
			isa = XCBuildConfiguration;
			buildSettings = {
				ALWAYS_EMBED_SWIFT_STANDARD_LIBRARIES = YES;
				CODE_SIGN_STYLE = Automatic;
				DEVELOPMENT_TEAM = L4TZYFFYVA;
				INFOPLIST_FILE = zephyrUITests/Info.plist;
				LD_RUNPATH_SEARCH_PATHS = (
					"$(inherited)",
					"@executable_path/Frameworks",
					"@loader_path/Frameworks",
				);
				PRODUCT_BUNDLE_IDENTIFIER = com.tytolabs.zephyrUITests;
				PRODUCT_NAME = "$(TARGET_NAME)";
				SWIFT_VERSION = 5.0;
				TARGETED_DEVICE_FAMILY = "1,2";
				TEST_TARGET_NAME = zephyr;
			};
			name = Debug;
		};
		783EABD025B3E6140018EF97 /* Release */ = {
			isa = XCBuildConfiguration;
			buildSettings = {
				ALWAYS_EMBED_SWIFT_STANDARD_LIBRARIES = YES;
				CODE_SIGN_STYLE = Automatic;
				DEVELOPMENT_TEAM = L4TZYFFYVA;
				INFOPLIST_FILE = zephyrUITests/Info.plist;
				LD_RUNPATH_SEARCH_PATHS = (
					"$(inherited)",
					"@executable_path/Frameworks",
					"@loader_path/Frameworks",
				);
				PRODUCT_BUNDLE_IDENTIFIER = com.tytolabs.zephyrUITests;
				PRODUCT_NAME = "$(TARGET_NAME)";
				SWIFT_VERSION = 5.0;
				TARGETED_DEVICE_FAMILY = "1,2";
				TEST_TARGET_NAME = zephyr;
			};
			name = Release;
		};
/* End XCBuildConfiguration section */

/* Begin XCConfigurationList section */
		783EAB9E25B3E6110018EF97 /* Build configuration list for PBXProject "zephyr" */ = {
			isa = XCConfigurationList;
			buildConfigurations = (
				783EABC625B3E6140018EF97 /* Debug */,
				783EABC725B3E6140018EF97 /* Release */,
			);
			defaultConfigurationIsVisible = 0;
			defaultConfigurationName = Release;
		};
		783EABC825B3E6140018EF97 /* Build configuration list for PBXNativeTarget "zephyr" */ = {
			isa = XCConfigurationList;
			buildConfigurations = (
				783EABC925B3E6140018EF97 /* Debug */,
				783EABCA25B3E6140018EF97 /* Release */,
			);
			defaultConfigurationIsVisible = 0;
			defaultConfigurationName = Release;
		};
		783EABCB25B3E6140018EF97 /* Build configuration list for PBXNativeTarget "zephyrTests" */ = {
			isa = XCConfigurationList;
			buildConfigurations = (
				783EABCC25B3E6140018EF97 /* Debug */,
				783EABCD25B3E6140018EF97 /* Release */,
			);
			defaultConfigurationIsVisible = 0;
			defaultConfigurationName = Release;
		};
		783EABCE25B3E6140018EF97 /* Build configuration list for PBXNativeTarget "zephyrUITests" */ = {
			isa = XCConfigurationList;
			buildConfigurations = (
				783EABCF25B3E6140018EF97 /* Debug */,
				783EABD025B3E6140018EF97 /* Release */,
			);
			defaultConfigurationIsVisible = 0;
			defaultConfigurationName = Release;
		};
/* End XCConfigurationList section */
	};
	rootObject = 783EAB9B25B3E6110018EF97 /* Project object */;
}
